
Microsoft Visual Studio Solution File, Format Version 12.00
# Visual Studio Version 17
VisualStudioVersion = 17.4.33403.182
MinimumVisualStudioVersion = 10.0.40219.1
Project("{FAE04EC0-301F-11D3-BF4B-00C04F79EFBC}") = "module5_exercise.Android", "module5_exercise\module5_exercise.Android\module5_exercise.Android.csproj", "{24DFEAF1-C048-4985-8760-43D859F38160}"
EndProject
Project("{FAE04EC0-301F-11D3-BF4B-00C04F79EFBC}") = "module5_exercise", "module5_exercise\module5_exercise\module5_exercise.csproj", "{8BA5B0B5-F676-4F70-B029-64C877CADC6A}"
EndProject
Global
	GlobalSection(SolutionConfigurationPlatforms) = preSolution
		Debug|Any CPU = Debug|Any CPU
		Release|Any CPU = Release|Any CPU
	EndGlobalSection
	GlobalSection(ProjectConfigurationPlatforms) = postSolution
		{24DFEAF1-C048-4985-8760-43D859F38160}.Debug|Any CPU.ActiveCfg = Debug|Any CPU
		{24DFEAF1-C048-4985-8760-43D859F38160}.Debug|Any CPU.Build.0 = Debug|Any CPU
		{24DFEAF1-C048-4985-8760-43D859F38160}.Debug|Any CPU.Deploy.0 = Debug|Any CPU
		{24DFEAF1-C048-4985-8760-43D859F38160}.Release|Any CPU.ActiveCfg = Release|Any CPU
		{24DFEAF1-C048-4985-8760-43D859F38160}.Release|Any CPU.Build.0 = Release|Any CPU
		{24DFEAF1-C048-4985-8760-43D859F38160}.Release|Any CPU.Deploy.0 = Release|Any CPU
		{8BA5B0B5-F676-4F70-B029-64C877CADC6A}.Debug|Any CPU.ActiveCfg = Debug|Any CPU
		{8BA5B0B5-F676-4F70-B029-64C877CADC6A}.Debug|Any CPU.Build.0 = Debug|Any CPU
		{8BA5B0B5-F676-4F70-B029-64C877CADC6A}.Debug|Any CPU.Deploy.0 = Debug|Any CPU
		{8BA5B0B5-F676-4F70-B029-64C877CADC6A}.Release|Any CPU.ActiveCfg = Release|Any CPU
		{8BA5B0B5-F676-4F70-B029-64C877CADC6A}.Release|Any CPU.Build.0 = Release|Any CPU
		{8BA5B0B5-F676-4F70-B029-64C877CADC6A}.Release|Any CPU.Deploy.0 = Release|Any CPU
	EndGlobalSection
	GlobalSection(SolutionProperties) = preSolution
		HideSolutionNode = FALSE
	EndGlobalSection
	GlobalSection(ExtensibilityGlobals) = postSolution
		SolutionGuid = {7F55278F-89AE-4DED-B25E-28708F3DEC31}
	EndGlobalSection
EndGlobal
